
Microsoft Visual Studio Solution File, Format Version 12.00
# Visual Studio Version 17
VisualStudioVersion = 17.0.31903.59
MinimumVisualStudioVersion = 10.0.40219.1
Project("{FAE04EC0-301F-11D3-BF4B-00C04F79EFBC}") = "Gateway", "Gateway\Gateway.csproj", "{2CADB68C-FB3B-D474-56C8-AE901F365B9C}"
	ProjectSection(ProjectDependencies) = postProject
		{3DD5E5AA-8B06-5C43-9C34-30FCB811AF66} = {3DD5E5AA-8B06-5C43-9C34-30FCB811AF66}
		{822912DE-2928-7655-9E2D-8809C9A58B27} = {822912DE-2928-7655-9E2D-8809C9A58B27}
		{B9CAC843-1031-EC3A-0A0F-1F1BB1E31300} = {B9CAC843-1031-EC3A-0A0F-1F1BB1E31300}
	EndProjectSection
EndProject
Project("{FAE04EC0-301F-11D3-BF4B-00C04F79EFBC}") = "Foundation.Security", "Foundation\Security\Foundation.Security.csproj", "{822912DE-2928-7655-9E2D-8809C9A58B27}"
EndProject
Project("{FAE04EC0-301F-11D3-BF4B-00C04F79EFBC}") = "Foundation.Observability", "Foundation\Observability\Foundation.Observability.csproj", "{B9CAC843-1031-EC3A-0A0F-1F1BB1E31300}"
EndProject
Project("{FAE04EC0-301F-11D3-BF4B-00C04F79EFBC}") = "Foundation.Messaging", "Foundation\Messaging\Foundation.Messaging.csproj", "{5EA900E6-E8DA-60A9-0E58-137C17F1694B}"
EndProject
Project("{FAE04EC0-301F-11D3-BF4B-00C04F79EFBC}") = "Foundation.Contracts", "Foundation\Contracts\Foundation.Contracts.csproj", "{3DD5E5AA-8B06-5C43-9C34-30FCB811AF66}"
EndProject
Project("{FAE04EC0-301F-11D3-BF4B-00C04F79EFBC}") = "ResumeSite", "Services\ResumeSite\ResumeSite.csproj", "{74626599-DEA4-BED5-0EEB-2A8B83B80DDD}"
	ProjectSection(ProjectDependencies) = postProject
		{B9CAC843-1031-EC3A-0A0F-1F1BB1E31300} = {B9CAC843-1031-EC3A-0A0F-1F1BB1E31300}
	EndProjectSection
EndProject
Project("{FAE04EC0-301F-11D3-BF4B-00C04F79EFBC}") = "Notifier.Telegram", "Services\Notifier.Telegram\Notifier.Telegram.csproj", "{6BB8037A-2147-6CB7-1ECF-BDC5BA5B03A7}"
	ProjectSection(ProjectDependencies) = postProject
		{3DD5E5AA-8B06-5C43-9C34-30FCB811AF66} = {3DD5E5AA-8B06-5C43-9C34-30FCB811AF66}
		{5EA900E6-E8DA-60A9-0E58-137C17F1694B} = {5EA900E6-E8DA-60A9-0E58-137C17F1694B}
		{B9CAC843-1031-EC3A-0A0F-1F1BB1E31300} = {B9CAC843-1031-EC3A-0A0F-1F1BB1E31300}
	EndProjectSection
EndProject
Project("{FAE04EC0-301F-11D3-BF4B-00C04F79EFBC}") = "ExportService", "Services\ExportService\ExportService.csproj", "{79ADA5A5-AD83-534F-0BAC-4B23C4EA7AFD}"
	ProjectSection(ProjectDependencies) = postProject
		{3DD5E5AA-8B06-5C43-9C34-30FCB811AF66} = {3DD5E5AA-8B06-5C43-9C34-30FCB811AF66}
		{5EA900E6-E8DA-60A9-0E58-137C17F1694B} = {5EA900E6-E8DA-60A9-0E58-137C17F1694B}
		{822912DE-2928-7655-9E2D-8809C9A58B27} = {822912DE-2928-7655-9E2D-8809C9A58B27}
		{B9CAC843-1031-EC3A-0A0F-1F1BB1E31300} = {B9CAC843-1031-EC3A-0A0F-1F1BB1E31300}
	EndProjectSection
EndProject
Project("{FAE04EC0-301F-11D3-BF4B-00C04F79EFBC}") = "AuthService", "Services\AuthService\AuthService.csproj", "{16FD9863-A745-7DF3-D0FD-B69A0BD39998}"
	ProjectSection(ProjectDependencies) = postProject
		{3DD5E5AA-8B06-5C43-9C34-30FCB811AF66} = {3DD5E5AA-8B06-5C43-9C34-30FCB811AF66}
		{5EA900E6-E8DA-60A9-0E58-137C17F1694B} = {5EA900E6-E8DA-60A9-0E58-137C17F1694B}
		{822912DE-2928-7655-9E2D-8809C9A58B27} = {822912DE-2928-7655-9E2D-8809C9A58B27}
		{B9CAC843-1031-EC3A-0A0F-1F1BB1E31300} = {B9CAC843-1031-EC3A-0A0F-1F1BB1E31300}
	EndProjectSection
EndProject
Project("{FAE04EC0-301F-11D3-BF4B-00C04F79EFBC}") = "AnalyticsService", "Services\AnalyticsService\AnalyticsService.csproj", "{50D3E934-F121-1146-5D3B-B316AD3CAA9C}"
	ProjectSection(ProjectDependencies) = postProject
		{3DD5E5AA-8B06-5C43-9C34-30FCB811AF66} = {3DD5E5AA-8B06-5C43-9C34-30FCB811AF66}
		{5EA900E6-E8DA-60A9-0E58-137C17F1694B} = {5EA900E6-E8DA-60A9-0E58-137C17F1694B}
		{B9CAC843-1031-EC3A-0A0F-1F1BB1E31300} = {B9CAC843-1031-EC3A-0A0F-1F1BB1E31300}
	EndProjectSection
EndProject
Global
	GlobalSection(SolutionConfigurationPlatforms) = preSolution
		Debug|Any CPU = Debug|Any CPU
		Release|Any CPU = Release|Any CPU
	EndGlobalSection
	GlobalSection(ProjectConfigurationPlatforms) = postSolution
		{2CADB68C-FB3B-D474-56C8-AE901F365B9C}.Debug|Any CPU.ActiveCfg = Debug|Any CPU
		{2CADB68C-FB3B-D474-56C8-AE901F365B9C}.Debug|Any CPU.Build.0 = Debug|Any CPU
		{2CADB68C-FB3B-D474-56C8-AE901F365B9C}.Release|Any CPU.ActiveCfg = Release|Any CPU
		{2CADB68C-FB3B-D474-56C8-AE901F365B9C}.Release|Any CPU.Build.0 = Release|Any CPU
		{822912DE-2928-7655-9E2D-8809C9A58B27}.Debug|Any CPU.ActiveCfg = Debug|Any CPU
		{822912DE-2928-7655-9E2D-8809C9A58B27}.Debug|Any CPU.Build.0 = Debug|Any CPU
		{822912DE-2928-7655-9E2D-8809C9A58B27}.Release|Any CPU.ActiveCfg = Release|Any CPU
		{822912DE-2928-7655-9E2D-8809C9A58B27}.Release|Any CPU.Build.0 = Release|Any CPU
		{B9CAC843-1031-EC3A-0A0F-1F1BB1E31300}.Debug|Any CPU.ActiveCfg = Debug|Any CPU
		{B9CAC843-1031-EC3A-0A0F-1F1BB1E31300}.Debug|Any CPU.Build.0 = Debug|Any CPU
		{B9CAC843-1031-EC3A-0A0F-1F1BB1E31300}.Release|Any CPU.ActiveCfg = Release|Any CPU
		{B9CAC843-1031-EC3A-0A0F-1F1BB1E31300}.Release|Any CPU.Build.0 = Release|Any CPU
		{5EA900E6-E8DA-60A9-0E58-137C17F1694B}.Debug|Any CPU.ActiveCfg = Debug|Any CPU
		{5EA900E6-E8DA-60A9-0E58-137C17F1694B}.Debug|Any CPU.Build.0 = Debug|Any CPU
		{5EA900E6-E8DA-60A9-0E58-137C17F1694B}.Release|Any CPU.ActiveCfg = Release|Any CPU
		{5EA900E6-E8DA-60A9-0E58-137C17F1694B}.Release|Any CPU.Build.0 = Release|Any CPU
		{3DD5E5AA-8B06-5C43-9C34-30FCB811AF66}.Debug|Any CPU.ActiveCfg = Debug|Any CPU
		{3DD5E5AA-8B06-5C43-9C34-30FCB811AF66}.Debug|Any CPU.Build.0 = Debug|Any CPU
		{3DD5E5AA-8B06-5C43-9C34-30FCB811AF66}.Release|Any CPU.ActiveCfg = Release|Any CPU
		{3DD5E5AA-8B06-5C43-9C34-30FCB811AF66}.Release|Any CPU.Build.0 = Release|Any CPU
		{74626599-DEA4-BED5-0EEB-2A8B83B80DDD}.Debug|Any CPU.ActiveCfg = Debug|Any CPU
		{74626599-DEA4-BED5-0EEB-2A8B83B80DDD}.Debug|Any CPU.Build.0 = Debug|Any CPU
		{74626599-DEA4-BED5-0EEB-2A8B83B80DDD}.Release|Any CPU.ActiveCfg = Release|Any CPU
		{74626599-DEA4-BED5-0EEB-2A8B83B80DDD}.Release|Any CPU.Build.0 = Release|Any CPU
		{6BB8037A-2147-6CB7-1ECF-BDC5BA5B03A7}.Debug|Any CPU.ActiveCfg = Debug|Any CPU
		{6BB8037A-2147-6CB7-1ECF-BDC5BA5B03A7}.Debug|Any CPU.Build.0 = Debug|Any CPU
		{6BB8037A-2147-6CB7-1ECF-BDC5BA5B03A7}.Release|Any CPU.ActiveCfg = Release|Any CPU
		{6BB8037A-2147-6CB7-1ECF-BDC5BA5B03A7}.Release|Any CPU.Build.0 = Release|Any CPU
		{79ADA5A5-AD83-534F-0BAC-4B23C4EA7AFD}.Debug|Any CPU.ActiveCfg = Debug|Any CPU
		{79ADA5A5-AD83-534F-0BAC-4B23C4EA7AFD}.Debug|Any CPU.Build.0 = Debug|Any CPU
		{79ADA5A5-AD83-534F-0BAC-4B23C4EA7AFD}.Release|Any CPU.ActiveCfg = Release|Any CPU
		{79ADA5A5-AD83-534F-0BAC-4B23C4EA7AFD}.Release|Any CPU.Build.0 = Release|Any CPU
		{16FD9863-A745-7DF3-D0FD-B69A0BD39998}.Debug|Any CPU.ActiveCfg = Debug|Any CPU
		{16FD9863-A745-7DF3-D0FD-B69A0BD39998}.Debug|Any CPU.Build.0 = Debug|Any CPU
		{16FD9863-A745-7DF3-D0FD-B69A0BD39998}.Release|Any CPU.ActiveCfg = Release|Any CPU
		{16FD9863-A745-7DF3-D0FD-B69A0BD39998}.Release|Any CPU.Build.0 = Release|Any CPU
		{50D3E934-F121-1146-5D3B-B316AD3CAA9C}.Debug|Any CPU.ActiveCfg = Debug|Any CPU
		{50D3E934-F121-1146-5D3B-B316AD3CAA9C}.Debug|Any CPU.Build.0 = Debug|Any CPU
		{50D3E934-F121-1146-5D3B-B316AD3CAA9C}.Release|Any CPU.ActiveCfg = Release|Any CPU
		{50D3E934-F121-1146-5D3B-B316AD3CAA9C}.Release|Any CPU.Build.0 = Release|Any CPU
	EndGlobalSection
	GlobalSection(SolutionProperties) = preSolution
		HideSolutionNode = FALSE
	EndGlobalSection
	GlobalSection(ExtensibilityGlobals) = postSolution
		SolutionGuid = {7510FF99-25B6-46E2-AF37-AB1E962BC1E4}
	EndGlobalSection
EndGlobal
